
Microsoft Visual Studio Solution File, Format Version 12.00
# Visual Studio Version 17
VisualStudioVersion = 17.14.36327.8 d17.14
MinimumVisualStudioVersion = 10.0.40219.1
Project("{FAE04EC0-301F-11D3-BF4B-00C04F79EFBC}") = "FixScoresGrades", "FixScoresGrades\FixScoresGrades.csproj", "{CAFED94E-79AA-452F-8F9C-5B776D67D638}"
EndProject
Global
	GlobalSection(SolutionConfigurationPlatforms) = preSolution
		Debug|Any CPU = Debug|Any CPU
		Release|Any CPU = Release|Any CPU
	EndGlobalSection
	GlobalSection(ProjectConfigurationPlatforms) = postSolution
		{CAFED94E-79AA-452F-8F9C-5B776D67D638}.Debug|Any CPU.ActiveCfg = Debug|Any CPU
		{CAFED94E-79AA-452F-8F9C-5B776D67D638}.Debug|Any CPU.Build.0 = Debug|Any CPU
		{CAFED94E-79AA-452F-8F9C-5B776D67D638}.Release|Any CPU.ActiveCfg = Release|Any CPU
		{CAFED94E-79AA-452F-8F9C-5B776D67D638}.Release|Any CPU.Build.0 = Release|Any CPU
	EndGlobalSection
	GlobalSection(SolutionProperties) = preSolution
		HideSolutionNode = FALSE
	EndGlobalSection
	GlobalSection(ExtensibilityGlobals) = postSolution
		SolutionGuid = {6AF35D77-9CC2-46EF-9A6A-1646CEC49263}
	EndGlobalSection
EndGlobal
